// !$*UTF8*$!
{
	archiveVersion = 1;
	classes = {
	};
	objectVersion = 46;
	objects = {

/* Begin PBXBuildFile section */
		040DE6B71F9F59DC00EF394D /* NdgPhysTest.c in Sources */ = {isa = PBXBuildFile; fileRef = 040DE6B61F9F59DC00EF394D /* NdgPhysTest.c */; };
		040DE6C31F9F5B7B00EF394D /* NdgPhysTest.c in Sources */ = {isa = PBXBuildFile; fileRef = 040DE6B61F9F59DC00EF394D /* NdgPhysTest.c */; };
		040DE6C41F9F5B8000EF394D /* libNdgPhys.a in Frameworks */ = {isa = PBXBuildFile; fileRef = 04BDCBDB1F9BAA260096E5CE /* libNdgPhys.a */; };
		040DE6C51F9F5E1A00EF394D /* NdgPhysTest.mexmaci64 in CopyFiles */ = {isa = PBXBuildFile; fileRef = 040DE6BC1F9F5B6700EF394D /* NdgPhysTest.mexmaci64 */; };
		04137FEC1F93375500DD4CA0 /* GradJacobiP.mexmaci64 in CopyFiles */ = {isa = PBXBuildFile; fileRef = 04137FE21F93371F00DD4CA0 /* GradJacobiP.mexmaci64 */; };
		04137FFB1F93384E00DD4CA0 /* JacobiP.mexmaci64 in CopyFiles */ = {isa = PBXBuildFile; fileRef = 04137FF11F9337FE00DD4CA0 /* JacobiP.mexmaci64 */; };
		041380151F93389100DD4CA0 /* zwgl.mexmaci64 in CopyFiles */ = {isa = PBXBuildFile; fileRef = 041380001F93385F00DD4CA0 /* zwgl.mexmaci64 */; };
		041380161F93389D00DD4CA0 /* zwglj.mexmaci64 in CopyFiles */ = {isa = PBXBuildFile; fileRef = 0413800E1F93388600DD4CA0 /* zwglj.mexmaci64 */; };
		0426A96C1F965C110054A058 /* AdvSolver2d.mexmaci64 in CopyFiles */ = {isa = PBXBuildFile; fileRef = 0426A95F1F965B940054A058 /* AdvSolver2d.mexmaci64 */; };
		0493D7DD1F9EF53C003F83EB /* NdgCellTest.c in Sources */ = {isa = PBXBuildFile; fileRef = 04A2BE0A1F9EC91A002666B1 /* NdgCellTest.c */; };
		0493D7E61F9F09E6003F83EB /* mxNdgSolver.c in Sources */ = {isa = PBXBuildFile; fileRef = 04A2BE161F9EC99E002666B1 /* mxNdgSolver.c */; };
		0493D7E71F9F09E6003F83EB /* NdgSolver.c in Sources */ = {isa = PBXBuildFile; fileRef = 04A2BE181F9EC99E002666B1 /* NdgSolver.c */; };
		0493D7E81F9F09EE003F83EB /* libNdgUtils.a in Frameworks */ = {isa = PBXBuildFile; fileRef = 04F6B0F01F9B7FB40050ED1C /* libNdgUtils.a */; };
		0493D7E91F9F0A2B003F83EB /* libNdgSolver.a in Frameworks */ = {isa = PBXBuildFile; fileRef = 0493D7E21F9F09CF003F83EB /* libNdgSolver.a */; };
		04A2BE061F9EC8E0002666B1 /* NdgCell.c in Sources */ = {isa = PBXBuildFile; fileRef = 04A2BE021F9EC8E0002666B1 /* NdgCell.c */; };
		04A2BE071F9EC8E0002666B1 /* NdgCell.h in Headers */ = {isa = PBXBuildFile; fileRef = 04A2BE031F9EC8E0002666B1 /* NdgCell.h */; };
		04A2BE081F9EC8E0002666B1 /* mxNdgCell.c in Sources */ = {isa = PBXBuildFile; fileRef = 04A2BE041F9EC8E0002666B1 /* mxNdgCell.c */; };
		04A2BE091F9EC8E0002666B1 /* mxNdgCell.h in Headers */ = {isa = PBXBuildFile; fileRef = 04A2BE051F9EC8E0002666B1 /* mxNdgCell.h */; };
		04A2BE101F9EC967002666B1 /* NdgMesh.c in Sources */ = {isa = PBXBuildFile; fileRef = 04A2BE0C1F9EC967002666B1 /* NdgMesh.c */; };
		04A2BE111F9EC967002666B1 /* NdgMesh.h in Headers */ = {isa = PBXBuildFile; fileRef = 04A2BE0D1F9EC967002666B1 /* NdgMesh.h */; };
		04A2BE121F9EC967002666B1 /* NdgMeshIO.c in Sources */ = {isa = PBXBuildFile; fileRef = 04A2BE0E1F9EC967002666B1 /* NdgMeshIO.c */; };
		04A2BE131F9EC967002666B1 /* NdgMeshIO.h in Headers */ = {isa = PBXBuildFile; fileRef = 04A2BE0F1F9EC967002666B1 /* NdgMeshIO.h */; };
		04A2BE151F9EC978002666B1 /* NdgMeshTest.c in Sources */ = {isa = PBXBuildFile; fileRef = 04A2BE141F9EC978002666B1 /* NdgMeshTest.c */; };
		04A2BE1A1F9EC99E002666B1 /* mxNdgSolver.c in Sources */ = {isa = PBXBuildFile; fileRef = 04A2BE161F9EC99E002666B1 /* mxNdgSolver.c */; };
		04A2BE1B1F9EC99E002666B1 /* mxNdgSolver.h in Headers */ = {isa = PBXBuildFile; fileRef = 04A2BE171F9EC99E002666B1 /* mxNdgSolver.h */; };
		04A2BE1C1F9EC99E002666B1 /* NdgSolver.c in Sources */ = {isa = PBXBuildFile; fileRef = 04A2BE181F9EC99E002666B1 /* NdgSolver.c */; };
		04A2BE1D1F9EC99E002666B1 /* NdgSolver.h in Headers */ = {isa = PBXBuildFile; fileRef = 04A2BE191F9EC99E002666B1 /* NdgSolver.h */; };
		04A2BE241F9EC9C7002666B1 /* MatUtils.c in Sources */ = {isa = PBXBuildFile; fileRef = 04A2BE1E1F9EC9C7002666B1 /* MatUtils.c */; };
		04A2BE251F9EC9C7002666B1 /* MatUtils.h in Headers */ = {isa = PBXBuildFile; fileRef = 04A2BE1F1F9EC9C7002666B1 /* MatUtils.h */; };
		04A2BE261F9EC9C7002666B1 /* NdgNetCDF.c in Sources */ = {isa = PBXBuildFile; fileRef = 04A2BE201F9EC9C7002666B1 /* NdgNetCDF.c */; };
		04A2BE271F9EC9C7002666B1 /* NdgNetCDF.h in Headers */ = {isa = PBXBuildFile; fileRef = 04A2BE211F9EC9C7002666B1 /* NdgNetCDF.h */; };
		04A2BE281F9EC9C7002666B1 /* NdgUtils.c in Sources */ = {isa = PBXBuildFile; fileRef = 04A2BE221F9EC9C7002666B1 /* NdgUtils.c */; };
		04A2BE291F9EC9C7002666B1 /* NdgUtils.h in Headers */ = {isa = PBXBuildFile; fileRef = 04A2BE231F9EC9C7002666B1 /* NdgUtils.h */; };
		04A2BE321F9EC9DF002666B1 /* NdgLimiter.c in Sources */ = {isa = PBXBuildFile; fileRef = 04A2BE2A1F9EC9DF002666B1 /* NdgLimiter.c */; };
		04A2BE331F9EC9DF002666B1 /* NdgLimiter.h in Headers */ = {isa = PBXBuildFile; fileRef = 04A2BE2B1F9EC9DF002666B1 /* NdgLimiter.h */; };
		04A2BE341F9EC9DF002666B1 /* NdgPhys.c in Sources */ = {isa = PBXBuildFile; fileRef = 04A2BE2C1F9EC9DF002666B1 /* NdgPhys.c */; };
		04A2BE351F9EC9DF002666B1 /* NdgPhys.h in Headers */ = {isa = PBXBuildFile; fileRef = 04A2BE2D1F9EC9DF002666B1 /* NdgPhys.h */; };
		04A2BE361F9EC9DF002666B1 /* NdgPhysIO.c in Sources */ = {isa = PBXBuildFile; fileRef = 04A2BE2E1F9EC9DF002666B1 /* NdgPhysIO.c */; };
		04A2BE371F9EC9DF002666B1 /* NdgPhysIO.h in Headers */ = {isa = PBXBuildFile; fileRef = 04A2BE2F1F9EC9DF002666B1 /* NdgPhysIO.h */; };
		04A2BE381F9EC9DF002666B1 /* NdgTerporalDiscrete.c in Sources */ = {isa = PBXBuildFile; fileRef = 04A2BE301F9EC9DF002666B1 /* NdgTerporalDiscrete.c */; };
		04A2BE391F9EC9DF002666B1 /* NdgTerporalDiscrete.h in Headers */ = {isa = PBXBuildFile; fileRef = 04A2BE311F9EC9DF002666B1 /* NdgTerporalDiscrete.h */; };
		04A2BE3B1F9EC9F7002666B1 /* AdvSolver2d.c in Sources */ = {isa = PBXBuildFile; fileRef = 04A2BE3A1F9EC9F7002666B1 /* AdvSolver2d.c */; };
		04A2BE3E1F9ECB24002666B1 /* mxNdgMesh.c in Sources */ = {isa = PBXBuildFile; fileRef = 04A2BE3C1F9ECB24002666B1 /* mxNdgMesh.c */; };
		04A2BE3F1F9ECB24002666B1 /* mxNdgMesh.h in Headers */ = {isa = PBXBuildFile; fileRef = 04A2BE3D1F9ECB24002666B1 /* mxNdgMesh.h */; };
		04A2BE421F9ECDA6002666B1 /* mxNdgPhys.c in Sources */ = {isa = PBXBuildFile; fileRef = 04A2BE401F9ECDA6002666B1 /* mxNdgPhys.c */; };
		04A2BE431F9ECDA6002666B1 /* mxNdgPhys.h in Headers */ = {isa = PBXBuildFile; fileRef = 04A2BE411F9ECDA6002666B1 /* mxNdgPhys.h */; };
		04BDCBC51F9BA78E0096E5CE /* libNdgUtils.a in Frameworks */ = {isa = PBXBuildFile; fileRef = 04F6B0F01F9B7FB40050ED1C /* libNdgUtils.a */; };
		04BDCBC61F9BA9790096E5CE /* libNdgCell.a in Frameworks */ = {isa = PBXBuildFile; fileRef = 04F6B0CF1F9B7BFC0050ED1C /* libNdgCell.a */; };
		04BDCBD21F9BA9BE0096E5CE /* libNdgCell.a in Frameworks */ = {isa = PBXBuildFile; fileRef = 04F6B0CF1F9B7BFC0050ED1C /* libNdgCell.a */; };
		04BDCBD61F9BAA0F0096E5CE /* libNdgMesh.a in Frameworks */ = {isa = PBXBuildFile; fileRef = 04BDCBCB1F9BA99C0096E5CE /* libNdgMesh.a */; };
		04BDCBE51F9BAA440096E5CE /* libNdgMesh.a in Frameworks */ = {isa = PBXBuildFile; fileRef = 04BDCBCB1F9BA99C0096E5CE /* libNdgMesh.a */; };
		04BDCBE61F9BAA800096E5CE /* NdgSolverTest.c in Sources */ = {isa = PBXBuildFile; fileRef = 0426A9501F95CAF60054A058 /* NdgSolverTest.c */; };
		04BDCBE81F9BAA980096E5CE /* libNdgPhys.a in Frameworks */ = {isa = PBXBuildFile; fileRef = 04BDCBDB1F9BAA260096E5CE /* libNdgPhys.a */; };
		04BEAAAF1F93B64000682F40 /* GradJacobiP.c in Sources */ = {isa = PBXBuildFile; fileRef = 04BEAAA91F93B64000682F40 /* GradJacobiP.c */; };
		04BEAAB41F93B64000682F40 /* JacobiP.c in Sources */ = {isa = PBXBuildFile; fileRef = 04BEAAAA1F93B64000682F40 /* JacobiP.c */; };
		04BEAAC21F93B64000682F40 /* zwglj.c in Sources */ = {isa = PBXBuildFile; fileRef = 04BEAAAE1F93B64000682F40 /* zwglj.c */; };
		04DD485A1F943D97007027AB /* NdgCellTest.mexmaci64 in CopyFiles */ = {isa = PBXBuildFile; fileRef = 041380201F933EE300DD4CA0 /* NdgCellTest.mexmaci64 */; };
		04F6B0E51F9B7F070050ED1C /* polylib.c in Sources */ = {isa = PBXBuildFile; fileRef = 04BEAAAB1F93B64000682F40 /* polylib.c */; };
		04F6B0E61F9B7F0E0050ED1C /* polylib.h in Headers */ = {isa = PBXBuildFile; fileRef = 04BEAAAC1F93B64000682F40 /* polylib.h */; };
		04F6B0E71F9B7F360050ED1C /* zwgl.c in Sources */ = {isa = PBXBuildFile; fileRef = 04BEAAAD1F93B64000682F40 /* zwgl.c */; };
		04F6B0E81F9B7F490050ED1C /* libPolylib.a in Frameworks */ = {isa = PBXBuildFile; fileRef = 04F6B0E11F9B7EA60050ED1C /* libPolylib.a */; };
		04F6B0E91F9B7F4F0050ED1C /* libPolylib.a in Frameworks */ = {isa = PBXBuildFile; fileRef = 04F6B0E11F9B7EA60050ED1C /* libPolylib.a */; };
		04F6B0EA1F9B7F530050ED1C /* libPolylib.a in Frameworks */ = {isa = PBXBuildFile; fileRef = 04F6B0E11F9B7EA60050ED1C /* libPolylib.a */; };
		04F6B0EB1F9B7F580050ED1C /* libPolylib.a in Frameworks */ = {isa = PBXBuildFile; fileRef = 04F6B0E11F9B7EA60050ED1C /* libPolylib.a */; };
		04FBA4BC1F94A03C00DA65FF /* NdgMeshTest.mexmaci64 in CopyFiles */ = {isa = PBXBuildFile; fileRef = 041380301F933F2A00DD4CA0 /* NdgMeshTest.mexmaci64 */; };
		04FBA4D01F94B73900DA65FF /* NdgSolverTest.mexmaci64 in CopyFiles */ = {isa = PBXBuildFile; fileRef = 04FBA4C31F94B71300DA65FF /* NdgSolverTest.mexmaci64 */; };
/* End PBXBuildFile section */

/* Begin PBXContainerItemProxy section */
		04BDCBE91F9BACF10096E5CE /* PBXContainerItemProxy */ = {
			isa = PBXContainerItemProxy;
			containerPortal = 04137FB61F932F8600DD4CA0 /* Project object */;
			proxyType = 1;
			remoteGlobalIDString = 04F6B0EF1F9B7FB40050ED1C;
			remoteInfo = NdgUtils;
		};
		04BDCBEB1F9BACF70096E5CE /* PBXContainerItemProxy */ = {
			isa = PBXContainerItemProxy;
			containerPortal = 04137FB61F932F8600DD4CA0 /* Project object */;
			proxyType = 1;
			remoteGlobalIDString = 04F6B0CE1F9B7BFC0050ED1C;
			remoteInfo = NdgCell;
		};
		04BDCBED1F9BACFD0096E5CE /* PBXContainerItemProxy */ = {
			isa = PBXContainerItemProxy;
			containerPortal = 04137FB61F932F8600DD4CA0 /* Project object */;
			proxyType = 1;
			remoteGlobalIDString = 04F6B0CE1F9B7BFC0050ED1C;
			remoteInfo = NdgCell;
		};
		04BDCBEF1F9BAD030096E5CE /* PBXContainerItemProxy */ = {
			isa = PBXContainerItemProxy;
			containerPortal = 04137FB61F932F8600DD4CA0 /* Project object */;
			proxyType = 1;
			remoteGlobalIDString = 04BDCBCA1F9BA99C0096E5CE;
			remoteInfo = NdgMesh;
		};
		04BDCBF11F9BAD070096E5CE /* PBXContainerItemProxy */ = {
			isa = PBXContainerItemProxy;
			containerPortal = 04137FB61F932F8600DD4CA0 /* Project object */;
			proxyType = 1;
			remoteGlobalIDString = 04BDCBCA1F9BA99C0096E5CE;
			remoteInfo = NdgMesh;
		};
		04BDCBF51F9BAD110096E5CE /* PBXContainerItemProxy */ = {
			isa = PBXContainerItemProxy;
			containerPortal = 04137FB61F932F8600DD4CA0 /* Project object */;
			proxyType = 1;
			remoteGlobalIDString = 04BDCBDA1F9BAA260096E5CE;
			remoteInfo = NdgPhys;
		};
/* End PBXContainerItemProxy section */

/* Begin PBXCopyFilesBuildPhase section */
		040DE6BA1F9F5B6700EF394D /* CopyFiles */ = {
			isa = PBXCopyFilesBuildPhase;
			buildActionMask = 12;
			dstPath = "/Users/mac/Documents/MATLAB/NDG-FEM/lib";
			dstSubfolderSpec = 0;
			files = (
				040DE6C51F9F5E1A00EF394D /* NdgPhysTest.mexmaci64 in CopyFiles */,
			);
			runOnlyForDeploymentPostprocessing = 0;
		};
		04137FE01F93371F00DD4CA0 /* CopyFiles */ = {
			isa = PBXCopyFilesBuildPhase;
			buildActionMask = 12;
			dstPath = "/Users/mac/Documents/MATLAB/NDG-FEM/lib";
			dstSubfolderSpec = 0;
			files = (
				04137FEC1F93375500DD4CA0 /* GradJacobiP.mexmaci64 in CopyFiles */,
			);
			runOnlyForDeploymentPostprocessing = 0;
		};
		04137FEF1F9337FE00DD4CA0 /* CopyFiles */ = {
			isa = PBXCopyFilesBuildPhase;
			buildActionMask = 12;
			dstPath = "/Users/mac/Documents/MATLAB/NDG-FEM/lib";
			dstSubfolderSpec = 0;
			files = (
				04137FFB1F93384E00DD4CA0 /* JacobiP.mexmaci64 in CopyFiles */,
			);
			runOnlyForDeploymentPostprocessing = 0;
		};
		04137FFE1F93385F00DD4CA0 /* CopyFiles */ = {
			isa = PBXCopyFilesBuildPhase;
			buildActionMask = 2147483647;
			dstPath = "/Users/mac/Documents/MATLAB/NDG-FEM/lib";
			dstSubfolderSpec = 0;
			files = (
				041380151F93389100DD4CA0 /* zwgl.mexmaci64 in CopyFiles */,
			);
			runOnlyForDeploymentPostprocessing = 1;
		};
		0413800C1F93388600DD4CA0 /* CopyFiles */ = {
			isa = PBXCopyFilesBuildPhase;
			buildActionMask = 2147483647;
			dstPath = "/Users/mac/Documents/MATLAB/NDG-FEM/lib";
			dstSubfolderSpec = 0;
			files = (
				041380161F93389D00DD4CA0 /* zwglj.mexmaci64 in CopyFiles */,
			);
			runOnlyForDeploymentPostprocessing = 1;
		};
		0413801E1F933EE300DD4CA0 /* CopyFiles */ = {
			isa = PBXCopyFilesBuildPhase;
			buildActionMask = 12;
			dstPath = "/Users/mac/Documents/MATLAB/NDG-FEM/lib";
			dstSubfolderSpec = 0;
			files = (
				04DD485A1F943D97007027AB /* NdgCellTest.mexmaci64 in CopyFiles */,
			);
			runOnlyForDeploymentPostprocessing = 0;
		};
		0413802E1F933F2A00DD4CA0 /* CopyFiles */ = {
			isa = PBXCopyFilesBuildPhase;
			buildActionMask = 12;
			dstPath = "/Users/mac/Documents/MATLAB/NDG-FEM/lib";
			dstSubfolderSpec = 0;
			files = (
				04FBA4BC1F94A03C00DA65FF /* NdgMeshTest.mexmaci64 in CopyFiles */,
			);
			runOnlyForDeploymentPostprocessing = 0;
		};
		0426A95D1F965B940054A058 /* CopyFiles */ = {
			isa = PBXCopyFilesBuildPhase;
			buildActionMask = 12;
			dstPath = "/Users/mac/Documents/MATLAB/NDG-FEM/lib";
			dstSubfolderSpec = 0;
			files = (
				0426A96C1F965C110054A058 /* AdvSolver2d.mexmaci64 in CopyFiles */,
			);
			runOnlyForDeploymentPostprocessing = 0;
		};
		04FBA4C11F94B71300DA65FF /* CopyFiles */ = {
			isa = PBXCopyFilesBuildPhase;
			buildActionMask = 12;
			dstPath = "/Users/mac/Documents/MATLAB/NDG-FEM/lib";
			dstSubfolderSpec = 0;
			files = (
				04FBA4D01F94B73900DA65FF /* NdgSolverTest.mexmaci64 in CopyFiles */,
			);
			runOnlyForDeploymentPostprocessing = 0;
		};
/* End PBXCopyFilesBuildPhase section */

/* Begin PBXFileReference section */
		040DE6B61F9F59DC00EF394D /* NdgPhysTest.c */ = {isa = PBXFileReference; fileEncoding = 4; lastKnownFileType = sourcecode.c.c; name = NdgPhysTest.c; path = NdgPhys/NdgPhysTest.c; sourceTree = SOURCE_ROOT; };
		040DE6BC1F9F5B6700EF394D /* NdgPhysTest.mexmaci64 */ = {isa = PBXFileReference; explicitFileType = "compiled.mach-o.executable"; includeInIndex = 0; path = NdgPhysTest.mexmaci64; sourceTree = BUILT_PRODUCTS_DIR; };
		04137FE21F93371F00DD4CA0 /* GradJacobiP.mexmaci64 */ = {isa = PBXFileReference; explicitFileType = "compiled.mach-o.executable"; includeInIndex = 0; path = GradJacobiP.mexmaci64; sourceTree = BUILT_PRODUCTS_DIR; };
		04137FF11F9337FE00DD4CA0 /* JacobiP.mexmaci64 */ = {isa = PBXFileReference; explicitFileType = "compiled.mach-o.executable"; includeInIndex = 0; path = JacobiP.mexmaci64; sourceTree = BUILT_PRODUCTS_DIR; };
		041380001F93385F00DD4CA0 /* zwgl.mexmaci64 */ = {isa = PBXFileReference; explicitFileType = "compiled.mach-o.executable"; includeInIndex = 0; path = zwgl.mexmaci64; sourceTree = BUILT_PRODUCTS_DIR; };
		0413800E1F93388600DD4CA0 /* zwglj.mexmaci64 */ = {isa = PBXFileReference; explicitFileType = "compiled.mach-o.executable"; includeInIndex = 0; path = zwglj.mexmaci64; sourceTree = BUILT_PRODUCTS_DIR; };
		041380201F933EE300DD4CA0 /* NdgCellTest.mexmaci64 */ = {isa = PBXFileReference; explicitFileType = "compiled.mach-o.executable"; includeInIndex = 0; path = NdgCellTest.mexmaci64; sourceTree = BUILT_PRODUCTS_DIR; };
		041380301F933F2A00DD4CA0 /* NdgMeshTest.mexmaci64 */ = {isa = PBXFileReference; explicitFileType = "compiled.mach-o.executable"; includeInIndex = 0; path = NdgMeshTest.mexmaci64; sourceTree = BUILT_PRODUCTS_DIR; };
		0426A9501F95CAF60054A058 /* NdgSolverTest.c */ = {isa = PBXFileReference; fileEncoding = 4; lastKnownFileType = sourcecode.c.c; name = NdgSolverTest.c; path = ../../../NdgPhys/src/NdgSolverTest.c; sourceTree = "<group>"; };
		0426A95F1F965B940054A058 /* AdvSolver2d.mexmaci64 */ = {isa = PBXFileReference; explicitFileType = "compiled.mach-o.executable"; includeInIndex = 0; path = AdvSolver2d.mexmaci64; sourceTree = BUILT_PRODUCTS_DIR; };
		0493D7E21F9F09CF003F83EB /* libNdgSolver.a */ = {isa = PBXFileReference; explicitFileType = archive.ar; includeInIndex = 0; path = libNdgSolver.a; sourceTree = BUILT_PRODUCTS_DIR; };
		04A2BE021F9EC8E0002666B1 /* NdgCell.c */ = {isa = PBXFileReference; fileEncoding = 4; lastKnownFileType = sourcecode.c.c; path = NdgCell.c; sourceTree = "<group>"; };
		04A2BE031F9EC8E0002666B1 /* NdgCell.h */ = {isa = PBXFileReference; fileEncoding = 4; lastKnownFileType = sourcecode.c.h; path = NdgCell.h; sourceTree = "<group>"; };
		04A2BE041F9EC8E0002666B1 /* mxNdgCell.c */ = {isa = PBXFileReference; fileEncoding = 4; lastKnownFileType = sourcecode.c.c; path = mxNdgCell.c; sourceTree = "<group>"; };
		04A2BE051F9EC8E0002666B1 /* mxNdgCell.h */ = {isa = PBXFileReference; fileEncoding = 4; lastKnownFileType = sourcecode.c.h; path = mxNdgCell.h; sourceTree = "<group>"; };
		04A2BE0A1F9EC91A002666B1 /* NdgCellTest.c */ = {isa = PBXFileReference; fileEncoding = 4; lastKnownFileType = sourcecode.c.c; path = NdgCellTest.c; sourceTree = "<group>"; };
		04A2BE0C1F9EC967002666B1 /* NdgMesh.c */ = {isa = PBXFileReference; fileEncoding = 4; lastKnownFileType = sourcecode.c.c; path = NdgMesh.c; sourceTree = "<group>"; };
		04A2BE0D1F9EC967002666B1 /* NdgMesh.h */ = {isa = PBXFileReference; fileEncoding = 4; lastKnownFileType = sourcecode.c.h; path = NdgMesh.h; sourceTree = "<group>"; };
		04A2BE0E1F9EC967002666B1 /* NdgMeshIO.c */ = {isa = PBXFileReference; fileEncoding = 4; lastKnownFileType = sourcecode.c.c; path = NdgMeshIO.c; sourceTree = "<group>"; };
		04A2BE0F1F9EC967002666B1 /* NdgMeshIO.h */ = {isa = PBXFileReference; fileEncoding = 4; lastKnownFileType = sourcecode.c.h; path = NdgMeshIO.h; sourceTree = "<group>"; };
		04A2BE141F9EC978002666B1 /* NdgMeshTest.c */ = {isa = PBXFileReference; fileEncoding = 4; lastKnownFileType = sourcecode.c.c; path = NdgMeshTest.c; sourceTree = "<group>"; };
		04A2BE161F9EC99E002666B1 /* mxNdgSolver.c */ = {isa = PBXFileReference; fileEncoding = 4; lastKnownFileType = sourcecode.c.c; name = mxNdgSolver.c; path = NdgSolver/mxNdgSolver.c; sourceTree = SOURCE_ROOT; };
		04A2BE171F9EC99E002666B1 /* mxNdgSolver.h */ = {isa = PBXFileReference; fileEncoding = 4; lastKnownFileType = sourcecode.c.h; name = mxNdgSolver.h; path = NdgSolver/mxNdgSolver.h; sourceTree = SOURCE_ROOT; };
		04A2BE181F9EC99E002666B1 /* NdgSolver.c */ = {isa = PBXFileReference; fileEncoding = 4; lastKnownFileType = sourcecode.c.c; name = NdgSolver.c; path = NdgSolver/NdgSolver.c; sourceTree = SOURCE_ROOT; };
		04A2BE191F9EC99E002666B1 /* NdgSolver.h */ = {isa = PBXFileReference; fileEncoding = 4; lastKnownFileType = sourcecode.c.h; name = NdgSolver.h; path = NdgSolver/NdgSolver.h; sourceTree = SOURCE_ROOT; };
		04A2BE1E1F9EC9C7002666B1 /* MatUtils.c */ = {isa = PBXFileReference; fileEncoding = 4; lastKnownFileType = sourcecode.c.c; path = MatUtils.c; sourceTree = "<group>"; };
		04A2BE1F1F9EC9C7002666B1 /* MatUtils.h */ = {isa = PBXFileReference; fileEncoding = 4; lastKnownFileType = sourcecode.c.h; path = MatUtils.h; sourceTree = "<group>"; };
		04A2BE201F9EC9C7002666B1 /* NdgNetCDF.c */ = {isa = PBXFileReference; fileEncoding = 4; lastKnownFileType = sourcecode.c.c; path = NdgNetCDF.c; sourceTree = "<group>"; };
		04A2BE211F9EC9C7002666B1 /* NdgNetCDF.h */ = {isa = PBXFileReference; fileEncoding = 4; lastKnownFileType = sourcecode.c.h; path = NdgNetCDF.h; sourceTree = "<group>"; };
		04A2BE221F9EC9C7002666B1 /* NdgUtils.c */ = {isa = PBXFileReference; fileEncoding = 4; lastKnownFileType = sourcecode.c.c; path = NdgUtils.c; sourceTree = "<group>"; };
		04A2BE231F9EC9C7002666B1 /* NdgUtils.h */ = {isa = PBXFileReference; fileEncoding = 4; lastKnownFileType = sourcecode.c.h; path = NdgUtils.h; sourceTree = "<group>"; };
		04A2BE2A1F9EC9DF002666B1 /* NdgLimiter.c */ = {isa = PBXFileReference; fileEncoding = 4; lastKnownFileType = sourcecode.c.c; name = NdgLimiter.c; path = NdgPhys/NdgLimiter.c; sourceTree = SOURCE_ROOT; };
		04A2BE2B1F9EC9DF002666B1 /* NdgLimiter.h */ = {isa = PBXFileReference; fileEncoding = 4; lastKnownFileType = sourcecode.c.h; name = NdgLimiter.h; path = NdgPhys/NdgLimiter.h; sourceTree = SOURCE_ROOT; };
		04A2BE2C1F9EC9DF002666B1 /* NdgPhys.c */ = {isa = PBXFileReference; fileEncoding = 4; lastKnownFileType = sourcecode.c.c; name = NdgPhys.c; path = NdgPhys/NdgPhys.c; sourceTree = SOURCE_ROOT; };
		04A2BE2D1F9EC9DF002666B1 /* NdgPhys.h */ = {isa = PBXFileReference; fileEncoding = 4; lastKnownFileType = sourcecode.c.h; name = NdgPhys.h; path = NdgPhys/NdgPhys.h; sourceTree = SOURCE_ROOT; };
		04A2BE2E1F9EC9DF002666B1 /* NdgPhysIO.c */ = {isa = PBXFileReference; fileEncoding = 4; lastKnownFileType = sourcecode.c.c; name = NdgPhysIO.c; path = NdgPhys/NdgPhysIO.c; sourceTree = SOURCE_ROOT; };
		04A2BE2F1F9EC9DF002666B1 /* NdgPhysIO.h */ = {isa = PBXFileReference; fileEncoding = 4; lastKnownFileType = sourcecode.c.h; name = NdgPhysIO.h; path = NdgPhys/NdgPhysIO.h; sourceTree = SOURCE_ROOT; };
		04A2BE301F9EC9DF002666B1 /* NdgTerporalDiscrete.c */ = {isa = PBXFileReference; fileEncoding = 4; lastKnownFileType = sourcecode.c.c; name = NdgTerporalDiscrete.c; path = NdgPhys/NdgTerporalDiscrete.c; sourceTree = SOURCE_ROOT; };
		04A2BE311F9EC9DF002666B1 /* NdgTerporalDiscrete.h */ = {isa = PBXFileReference; fileEncoding = 4; lastKnownFileType = sourcecode.c.h; name = NdgTerporalDiscrete.h; path = NdgPhys/NdgTerporalDiscrete.h; sourceTree = SOURCE_ROOT; };
		04A2BE3A1F9EC9F7002666B1 /* AdvSolver2d.c */ = {isa = PBXFileReference; fileEncoding = 4; lastKnownFileType = sourcecode.c.c; path = AdvSolver2d.c; sourceTree = "<group>"; };
		04A2BE3C1F9ECB24002666B1 /* mxNdgMesh.c */ = {isa = PBXFileReference; fileEncoding = 4; lastKnownFileType = sourcecode.c.c; path = mxNdgMesh.c; sourceTree = "<group>"; };
		04A2BE3D1F9ECB24002666B1 /* mxNdgMesh.h */ = {isa = PBXFileReference; fileEncoding = 4; lastKnownFileType = sourcecode.c.h; path = mxNdgMesh.h; sourceTree = "<group>"; };
		04A2BE401F9ECDA6002666B1 /* mxNdgPhys.c */ = {isa = PBXFileReference; fileEncoding = 4; lastKnownFileType = sourcecode.c.c; name = mxNdgPhys.c; path = NdgPhys/mxNdgPhys.c; sourceTree = SOURCE_ROOT; };
		04A2BE411F9ECDA6002666B1 /* mxNdgPhys.h */ = {isa = PBXFileReference; fileEncoding = 4; lastKnownFileType = sourcecode.c.h; name = mxNdgPhys.h; path = NdgPhys/mxNdgPhys.h; sourceTree = SOURCE_ROOT; };
		04BDCBCB1F9BA99C0096E5CE /* libNdgMesh.a */ = {isa = PBXFileReference; explicitFileType = archive.ar; includeInIndex = 0; path = libNdgMesh.a; sourceTree = BUILT_PRODUCTS_DIR; };
		04BDCBDB1F9BAA260096E5CE /* libNdgPhys.a */ = {isa = PBXFileReference; explicitFileType = archive.ar; includeInIndex = 0; path = libNdgPhys.a; sourceTree = BUILT_PRODUCTS_DIR; };
		04BEAAA91F93B64000682F40 /* GradJacobiP.c */ = {isa = PBXFileReference; fileEncoding = 4; lastKnownFileType = sourcecode.c.c; name = GradJacobiP.c; path = ../../../thirdParty/Polylib/GradJacobiP.c; sourceTree = "<group>"; };
		04BEAAAA1F93B64000682F40 /* JacobiP.c */ = {isa = PBXFileReference; fileEncoding = 4; lastKnownFileType = sourcecode.c.c; name = JacobiP.c; path = ../../../thirdParty/Polylib/JacobiP.c; sourceTree = "<group>"; };
		04BEAAAB1F93B64000682F40 /* polylib.c */ = {isa = PBXFileReference; fileEncoding = 4; lastKnownFileType = sourcecode.c.c; name = polylib.c; path = ../../../thirdParty/Polylib/polylib.c; sourceTree = "<group>"; };
		04BEAAAC1F93B64000682F40 /* polylib.h */ = {isa = PBXFileReference; fileEncoding = 4; lastKnownFileType = sourcecode.c.h; name = polylib.h; path = ../../../thirdParty/Polylib/polylib.h; sourceTree = "<group>"; };
		04BEAAAD1F93B64000682F40 /* zwgl.c */ = {isa = PBXFileReference; fileEncoding = 4; lastKnownFileType = sourcecode.c.c; name = zwgl.c; path = ../../../thirdParty/Polylib/zwgl.c; sourceTree = "<group>"; };
		04BEAAAE1F93B64000682F40 /* zwglj.c */ = {isa = PBXFileReference; fileEncoding = 4; lastKnownFileType = sourcecode.c.c; name = zwglj.c; path = ../../../thirdParty/Polylib/zwglj.c; sourceTree = "<group>"; };
		04F6B0CF1F9B7BFC0050ED1C /* libNdgCell.a */ = {isa = PBXFileReference; explicitFileType = archive.ar; includeInIndex = 0; path = libNdgCell.a; sourceTree = BUILT_PRODUCTS_DIR; };
		04F6B0E11F9B7EA60050ED1C /* libPolylib.a */ = {isa = PBXFileReference; explicitFileType = archive.ar; includeInIndex = 0; path = libPolylib.a; sourceTree = BUILT_PRODUCTS_DIR; };
		04F6B0F01F9B7FB40050ED1C /* libNdgUtils.a */ = {isa = PBXFileReference; explicitFileType = archive.ar; includeInIndex = 0; path = libNdgUtils.a; sourceTree = BUILT_PRODUCTS_DIR; };
		04FBA4C31F94B71300DA65FF /* NdgSolverTest.mexmaci64 */ = {isa = PBXFileReference; explicitFileType = "compiled.mach-o.executable"; includeInIndex = 0; path = NdgSolverTest.mexmaci64; sourceTree = BUILT_PRODUCTS_DIR; };
/* End PBXFileReference section */

/* Begin PBXFrameworksBuildPhase section */
		040DE6B91F9F5B6700EF394D /* Frameworks */ = {
			isa = PBXFrameworksBuildPhase;
			buildActionMask = 2147483647;
			files = (
				040DE6C41F9F5B8000EF394D /* libNdgPhys.a in Frameworks */,
			);
			runOnlyForDeploymentPostprocessing = 0;
		};
		04137FDF1F93371F00DD4CA0 /* Frameworks */ = {
			isa = PBXFrameworksBuildPhase;
			buildActionMask = 2147483647;
			files = (
				04F6B0E81F9B7F490050ED1C /* libPolylib.a in Frameworks */,
			);
			runOnlyForDeploymentPostprocessing = 0;
		};
		04137FEE1F9337FE00DD4CA0 /* Frameworks */ = {
			isa = PBXFrameworksBuildPhase;
			buildActionMask = 2147483647;
			files = (
				04F6B0E91F9B7F4F0050ED1C /* libPolylib.a in Frameworks */,
			);
			runOnlyForDeploymentPostprocessing = 0;
		};
		04137FFD1F93385F00DD4CA0 /* Frameworks */ = {
			isa = PBXFrameworksBuildPhase;
			buildActionMask = 2147483647;
			files = (
				04F6B0EA1F9B7F530050ED1C /* libPolylib.a in Frameworks */,
			);
			runOnlyForDeploymentPostprocessing = 0;
		};
		0413800B1F93388600DD4CA0 /* Frameworks */ = {
			isa = PBXFrameworksBuildPhase;
			buildActionMask = 2147483647;
			files = (
				04F6B0EB1F9B7F580050ED1C /* libPolylib.a in Frameworks */,
			);
			runOnlyForDeploymentPostprocessing = 0;
		};
		0413801D1F933EE300DD4CA0 /* Frameworks */ = {
			isa = PBXFrameworksBuildPhase;
			buildActionMask = 2147483647;
			files = (
				04BDCBC61F9BA9790096E5CE /* libNdgCell.a in Frameworks */,
			);
			runOnlyForDeploymentPostprocessing = 0;
		};
		0413802D1F933F2A00DD4CA0 /* Frameworks */ = {
			isa = PBXFrameworksBuildPhase;
			buildActionMask = 2147483647;
			files = (
				04BDCBD61F9BAA0F0096E5CE /* libNdgMesh.a in Frameworks */,
			);
			runOnlyForDeploymentPostprocessing = 0;
		};
		0426A95C1F965B940054A058 /* Frameworks */ = {
			isa = PBXFrameworksBuildPhase;
			buildActionMask = 2147483647;
			files = (
				04BDCBE81F9BAA980096E5CE /* libNdgPhys.a in Frameworks */,
			);
			runOnlyForDeploymentPostprocessing = 0;
		};
		0493D7DF1F9F09CF003F83EB /* Frameworks */ = {
			isa = PBXFrameworksBuildPhase;
			buildActionMask = 2147483647;
			files = (
				0493D7E81F9F09EE003F83EB /* libNdgUtils.a in Frameworks */,
			);
			runOnlyForDeploymentPostprocessing = 0;
		};
		04BDCBC81F9BA99C0096E5CE /* Frameworks */ = {
			isa = PBXFrameworksBuildPhase;
			buildActionMask = 2147483647;
			files = (
				04BDCBD21F9BA9BE0096E5CE /* libNdgCell.a in Frameworks */,
			);
			runOnlyForDeploymentPostprocessing = 0;
		};
		04BDCBD81F9BAA260096E5CE /* Frameworks */ = {
			isa = PBXFrameworksBuildPhase;
			buildActionMask = 2147483647;
			files = (
				04BDCBE51F9BAA440096E5CE /* libNdgMesh.a in Frameworks */,
			);
			runOnlyForDeploymentPostprocessing = 0;
		};
		04F6B0CC1F9B7BFC0050ED1C /* Frameworks */ = {
			isa = PBXFrameworksBuildPhase;
			buildActionMask = 2147483647;
			files = (
				04BDCBC51F9BA78E0096E5CE /* libNdgUtils.a in Frameworks */,
			);
			runOnlyForDeploymentPostprocessing = 0;
		};
		04F6B0DE1F9B7EA60050ED1C /* Frameworks */ = {
			isa = PBXFrameworksBuildPhase;
			buildActionMask = 2147483647;
			files = (
			);
			runOnlyForDeploymentPostprocessing = 0;
		};
		04F6B0ED1F9B7FB40050ED1C /* Frameworks */ = {
			isa = PBXFrameworksBuildPhase;
			buildActionMask = 2147483647;
			files = (
			);
			runOnlyForDeploymentPostprocessing = 0;
		};
		04FBA4C01F94B71300DA65FF /* Frameworks */ = {
			isa = PBXFrameworksBuildPhase;
			buildActionMask = 2147483647;
			files = (
				0493D7E91F9F0A2B003F83EB /* libNdgSolver.a in Frameworks */,
			);
			runOnlyForDeploymentPostprocessing = 0;
		};
/* End PBXFrameworksBuildPhase section */

/* Begin PBXGroup section */
		040DE6B51F9F59BD00EF394D /* NdgPhysTest */ = {
			isa = PBXGroup;
			children = (
				040DE6B61F9F59DC00EF394D /* NdgPhysTest.c */,
			);
			name = NdgPhysTest;
			sourceTree = "<group>";
		};
		04137FB51F932F8600DD4CA0 = {
			isa = PBXGroup;
			children = (
				04137FCD1F93369F00DD4CA0 /* Polylib */,
				041380481F933FEC00DD4CA0 /* NdgUtils */,
				041380211F933EE300DD4CA0 /* NdgCell */,
				041380311F933F2A00DD4CA0 /* NdgMesh */,
				04BEAA8E1F93B5CE00682F40 /* NdgSolver */,
				0435F49A1F9D8E530094AEE2 /* NdgPhys */,
				0426A9601F965B940054A058 /* Advection */,
				04137FBF1F932F8600DD4CA0 /* Products */,
			);
			sourceTree = "<group>";
		};
		04137FBF1F932F8600DD4CA0 /* Products */ = {
			isa = PBXGroup;
			children = (
				04137FE21F93371F00DD4CA0 /* GradJacobiP.mexmaci64 */,
				04137FF11F9337FE00DD4CA0 /* JacobiP.mexmaci64 */,
				041380001F93385F00DD4CA0 /* zwgl.mexmaci64 */,
				0413800E1F93388600DD4CA0 /* zwglj.mexmaci64 */,
				041380201F933EE300DD4CA0 /* NdgCellTest.mexmaci64 */,
				041380301F933F2A00DD4CA0 /* NdgMeshTest.mexmaci64 */,
				04FBA4C31F94B71300DA65FF /* NdgSolverTest.mexmaci64 */,
				0426A95F1F965B940054A058 /* AdvSolver2d.mexmaci64 */,
				04F6B0CF1F9B7BFC0050ED1C /* libNdgCell.a */,
				04F6B0E11F9B7EA60050ED1C /* libPolylib.a */,
				04F6B0F01F9B7FB40050ED1C /* libNdgUtils.a */,
				04BDCBCB1F9BA99C0096E5CE /* libNdgMesh.a */,
				04BDCBDB1F9BAA260096E5CE /* libNdgPhys.a */,
				0493D7E21F9F09CF003F83EB /* libNdgSolver.a */,
				040DE6BC1F9F5B6700EF394D /* NdgPhysTest.mexmaci64 */,
			);
			name = Products;
			sourceTree = "<group>";
		};
		04137FCD1F93369F00DD4CA0 /* Polylib */ = {
			isa = PBXGroup;
			children = (
				04BEAAA91F93B64000682F40 /* GradJacobiP.c */,
				04BEAAAA1F93B64000682F40 /* JacobiP.c */,
				04BEAAAB1F93B64000682F40 /* polylib.c */,
				04BEAAAC1F93B64000682F40 /* polylib.h */,
				04BEAAAD1F93B64000682F40 /* zwgl.c */,
				04BEAAAE1F93B64000682F40 /* zwglj.c */,
			);
			path = Polylib;
			sourceTree = "<group>";
		};
		041380211F933EE300DD4CA0 /* NdgCell */ = {
			isa = PBXGroup;
			children = (
				04A2BE021F9EC8E0002666B1 /* NdgCell.c */,
				04A2BE031F9EC8E0002666B1 /* NdgCell.h */,
				04A2BE041F9EC8E0002666B1 /* mxNdgCell.c */,
				04A2BE051F9EC8E0002666B1 /* mxNdgCell.h */,
				04B0992D1F96F99A002266D0 /* NdgCellTest */,
			);
			path = NdgCell;
			sourceTree = "<group>";
		};
		041380311F933F2A00DD4CA0 /* NdgMesh */ = {
			isa = PBXGroup;
			children = (
				04B0992C1F96F98E002266D0 /* NdgMeshTest */,
				04A2BE0C1F9EC967002666B1 /* NdgMesh.c */,
				04A2BE0D1F9EC967002666B1 /* NdgMesh.h */,
				04A2BE0E1F9EC967002666B1 /* NdgMeshIO.c */,
				04A2BE0F1F9EC967002666B1 /* NdgMeshIO.h */,
				04A2BE3C1F9ECB24002666B1 /* mxNdgMesh.c */,
				04A2BE3D1F9ECB24002666B1 /* mxNdgMesh.h */,
			);
			path = NdgMesh;
			sourceTree = "<group>";
		};
		041380481F933FEC00DD4CA0 /* NdgUtils */ = {
			isa = PBXGroup;
			children = (
				04A2BE1E1F9EC9C7002666B1 /* MatUtils.c */,
				04A2BE1F1F9EC9C7002666B1 /* MatUtils.h */,
				04A2BE201F9EC9C7002666B1 /* NdgNetCDF.c */,
				04A2BE211F9EC9C7002666B1 /* NdgNetCDF.h */,
				04A2BE221F9EC9C7002666B1 /* NdgUtils.c */,
				04A2BE231F9EC9C7002666B1 /* NdgUtils.h */,
			);
			path = NdgUtils;
			sourceTree = "<group>";
		};
		0426A9601F965B940054A058 /* Advection */ = {
			isa = PBXGroup;
			children = (
				04A2BE3A1F9EC9F7002666B1 /* AdvSolver2d.c */,
			);
			path = Advection;
			sourceTree = "<group>";
		};
		0435F49A1F9D8E530094AEE2 /* NdgPhys */ = {
			isa = PBXGroup;
			children = (
				040DE6B51F9F59BD00EF394D /* NdgPhysTest */,
				04A2BE2A1F9EC9DF002666B1 /* NdgLimiter.c */,
				04A2BE2B1F9EC9DF002666B1 /* NdgLimiter.h */,
				04A2BE2C1F9EC9DF002666B1 /* NdgPhys.c */,
				04A2BE2D1F9EC9DF002666B1 /* NdgPhys.h */,
				04A2BE2E1F9EC9DF002666B1 /* NdgPhysIO.c */,
				04A2BE2F1F9EC9DF002666B1 /* NdgPhysIO.h */,
				04A2BE301F9EC9DF002666B1 /* NdgTerporalDiscrete.c */,
				04A2BE311F9EC9DF002666B1 /* NdgTerporalDiscrete.h */,
				04A2BE401F9ECDA6002666B1 /* mxNdgPhys.c */,
				04A2BE411F9ECDA6002666B1 /* mxNdgPhys.h */,
			);
			name = NdgPhys;
			path = Polylib;
			sourceTree = "<group>";
		};
		04B0992B1F96F97D002266D0 /* NdgSolverTest */ = {
			isa = PBXGroup;
			children = (
				0426A9501F95CAF60054A058 /* NdgSolverTest.c */,
			);
			name = NdgSolverTest;
			sourceTree = "<group>";
		};
		04B0992C1F96F98E002266D0 /* NdgMeshTest */ = {
			isa = PBXGroup;
			children = (
				04A2BE141F9EC978002666B1 /* NdgMeshTest.c */,
			);
			name = NdgMeshTest;
			sourceTree = "<group>";
		};
		04B0992D1F96F99A002266D0 /* NdgCellTest */ = {
			isa = PBXGroup;
			children = (
				04A2BE0A1F9EC91A002666B1 /* NdgCellTest.c */,
			);
			name = NdgCellTest;
			sourceTree = "<group>";
		};
		04BEAA8E1F93B5CE00682F40 /* NdgSolver */ = {
			isa = PBXGroup;
			children = (
				04A2BE161F9EC99E002666B1 /* mxNdgSolver.c */,
				04A2BE171F9EC99E002666B1 /* mxNdgSolver.h */,
				04A2BE181F9EC99E002666B1 /* NdgSolver.c */,
				04A2BE191F9EC99E002666B1 /* NdgSolver.h */,
				04B0992B1F96F97D002266D0 /* NdgSolverTest */,
			);
			name = NdgSolver;
			path = Polylib;
			sourceTree = "<group>";
		};
/* End PBXGroup section */

/* Begin PBXHeadersBuildPhase section */
		0493D7E01F9F09CF003F83EB /* Headers */ = {
			isa = PBXHeadersBuildPhase;
			buildActionMask = 2147483647;
			files = (
			);
			runOnlyForDeploymentPostprocessing = 0;
		};
		04BDCBC91F9BA99C0096E5CE /* Headers */ = {
			isa = PBXHeadersBuildPhase;
			buildActionMask = 2147483647;
			files = (
				04A2BE3F1F9ECB24002666B1 /* mxNdgMesh.h in Headers */,
				04A2BE131F9EC967002666B1 /* NdgMeshIO.h in Headers */,
				04A2BE111F9EC967002666B1 /* NdgMesh.h in Headers */,
			);
			runOnlyForDeploymentPostprocessing = 0;
		};
		04BDCBD91F9BAA260096E5CE /* Headers */ = {
			isa = PBXHeadersBuildPhase;
			buildActionMask = 2147483647;
			files = (
				04A2BE391F9EC9DF002666B1 /* NdgTerporalDiscrete.h in Headers */,
				04A2BE371F9EC9DF002666B1 /* NdgPhysIO.h in Headers */,
				04A2BE351F9EC9DF002666B1 /* NdgPhys.h in Headers */,
				04A2BE1B1F9EC99E002666B1 /* mxNdgSolver.h in Headers */,
				04A2BE1D1F9EC99E002666B1 /* NdgSolver.h in Headers */,
				04A2BE331F9EC9DF002666B1 /* NdgLimiter.h in Headers */,
				04A2BE431F9ECDA6002666B1 /* mxNdgPhys.h in Headers */,
			);
			runOnlyForDeploymentPostprocessing = 0;
		};
		04F6B0CD1F9B7BFC0050ED1C /* Headers */ = {
			isa = PBXHeadersBuildPhase;
			buildActionMask = 2147483647;
			files = (
				04A2BE091F9EC8E0002666B1 /* mxNdgCell.h in Headers */,
				04A2BE071F9EC8E0002666B1 /* NdgCell.h in Headers */,
			);
			runOnlyForDeploymentPostprocessing = 0;
		};
		04F6B0DF1F9B7EA60050ED1C /* Headers */ = {
			isa = PBXHeadersBuildPhase;
			buildActionMask = 2147483647;
			files = (
				04F6B0E61F9B7F0E0050ED1C /* polylib.h in Headers */,
			);
			runOnlyForDeploymentPostprocessing = 0;
		};
		04F6B0EE1F9B7FB40050ED1C /* Headers */ = {
			isa = PBXHeadersBuildPhase;
			buildActionMask = 2147483647;
			files = (
				04A2BE291F9EC9C7002666B1 /* NdgUtils.h in Headers */,
				04A2BE271F9EC9C7002666B1 /* NdgNetCDF.h in Headers */,
				04A2BE251F9EC9C7002666B1 /* MatUtils.h in Headers */,
			);
			runOnlyForDeploymentPostprocessing = 0;
		};
/* End PBXHeadersBuildPhase section */

/* Begin PBXNativeTarget section */
		040DE6BB1F9F5B6700EF394D /* NdgPhysTest.mexmaci64 */ = {
			isa = PBXNativeTarget;
			buildConfigurationList = 040DE6C01F9F5B6700EF394D /* Build configuration list for PBXNativeTarget "NdgPhysTest.mexmaci64" */;
			buildPhases = (
				040DE6B81F9F5B6700EF394D /* Sources */,
				040DE6B91F9F5B6700EF394D /* Frameworks */,
				040DE6BA1F9F5B6700EF394D /* CopyFiles */,
			);
			buildRules = (
			);
			dependencies = (
			);
			name = NdgPhysTest.mexmaci64;
			productName = NdgPhysTest;
			productReference = 040DE6BC1F9F5B6700EF394D /* NdgPhysTest.mexmaci64 */;
			productType = "com.apple.product-type.tool";
		};
		04137FE11F93371F00DD4CA0 /* GradJacobiP.mexmaci64 */ = {
			isa = PBXNativeTarget;
			buildConfigurationList = 04137FE61F93371F00DD4CA0 /* Build configuration list for PBXNativeTarget "GradJacobiP.mexmaci64" */;
			buildPhases = (
				04137FDE1F93371F00DD4CA0 /* Sources */,
				04137FDF1F93371F00DD4CA0 /* Frameworks */,
				04137FE01F93371F00DD4CA0 /* CopyFiles */,
			);
			buildRules = (
			);
			dependencies = (
			);
			name = GradJacobiP.mexmaci64;
			productName = GradJacobiP;
			productReference = 04137FE21F93371F00DD4CA0 /* GradJacobiP.mexmaci64 */;
			productType = "com.apple.product-type.tool";
		};
		04137FF01F9337FE00DD4CA0 /* JacobiP.mexmaci64 */ = {
			isa = PBXNativeTarget;
			buildConfigurationList = 04137FF51F9337FE00DD4CA0 /* Build configuration list for PBXNativeTarget "JacobiP.mexmaci64" */;
			buildPhases = (
				04137FED1F9337FE00DD4CA0 /* Sources */,
				04137FEE1F9337FE00DD4CA0 /* Frameworks */,
				04137FEF1F9337FE00DD4CA0 /* CopyFiles */,
			);
			buildRules = (
			);
			dependencies = (
			);
			name = JacobiP.mexmaci64;
			productName = JacobiP.mexmaci64;
			productReference = 04137FF11F9337FE00DD4CA0 /* JacobiP.mexmaci64 */;
			productType = "com.apple.product-type.tool";
		};
		04137FFF1F93385F00DD4CA0 /* zwgl.mexmaci64 */ = {
			isa = PBXNativeTarget;
			buildConfigurationList = 041380041F93385F00DD4CA0 /* Build configuration list for PBXNativeTarget "zwgl.mexmaci64" */;
			buildPhases = (
				04137FFC1F93385F00DD4CA0 /* Sources */,
				04137FFD1F93385F00DD4CA0 /* Frameworks */,
				04137FFE1F93385F00DD4CA0 /* CopyFiles */,
			);
			buildRules = (
			);
			dependencies = (
			);
			name = zwgl.mexmaci64;
			productName = zwgl.mexmaci64;
			productReference = 041380001F93385F00DD4CA0 /* zwgl.mexmaci64 */;
			productType = "com.apple.product-type.tool";
		};
		0413800D1F93388600DD4CA0 /* zwglj.mexmaci64 */ = {
			isa = PBXNativeTarget;
			buildConfigurationList = 041380121F93388600DD4CA0 /* Build configuration list for PBXNativeTarget "zwglj.mexmaci64" */;
			buildPhases = (
				0413800A1F93388600DD4CA0 /* Sources */,
				0413800B1F93388600DD4CA0 /* Frameworks */,
				0413800C1F93388600DD4CA0 /* CopyFiles */,
			);
			buildRules = (
			);
			dependencies = (
			);
			name = zwglj.mexmaci64;
			productName = zwglj.mexmaci64;
			productReference = 0413800E1F93388600DD4CA0 /* zwglj.mexmaci64 */;
			productType = "com.apple.product-type.tool";
		};
		0413801F1F933EE300DD4CA0 /* NdgCellTest.mexmaci64 */ = {
			isa = PBXNativeTarget;
			buildConfigurationList = 041380241F933EE300DD4CA0 /* Build configuration list for PBXNativeTarget "NdgCellTest.mexmaci64" */;
			buildPhases = (
				0413801C1F933EE300DD4CA0 /* Sources */,
				0413801D1F933EE300DD4CA0 /* Frameworks */,
				0413801E1F933EE300DD4CA0 /* CopyFiles */,
			);
			buildRules = (
			);
			dependencies = (
				04BDCBEC1F9BACF70096E5CE /* PBXTargetDependency */,
			);
			name = NdgCellTest.mexmaci64;
			productName = NdgCell;
			productReference = 041380201F933EE300DD4CA0 /* NdgCellTest.mexmaci64 */;
			productType = "com.apple.product-type.tool";
		};
		0413802F1F933F2A00DD4CA0 /* NdgMeshTest.mexmaci64 */ = {
			isa = PBXNativeTarget;
			buildConfigurationList = 041380341F933F2A00DD4CA0 /* Build configuration list for PBXNativeTarget "NdgMeshTest.mexmaci64" */;
			buildPhases = (
				0413802C1F933F2A00DD4CA0 /* Sources */,
				0413802D1F933F2A00DD4CA0 /* Frameworks */,
				0413802E1F933F2A00DD4CA0 /* CopyFiles */,
			);
			buildRules = (
			);
			dependencies = (
				04BDCBF01F9BAD030096E5CE /* PBXTargetDependency */,
			);
			name = NdgMeshTest.mexmaci64;
			productName = NdgMesh;
			productReference = 041380301F933F2A00DD4CA0 /* NdgMeshTest.mexmaci64 */;
			productType = "com.apple.product-type.tool";
		};
		0426A95E1F965B940054A058 /* AdvSolver2d.mexmaci64 */ = {
			isa = PBXNativeTarget;
			buildConfigurationList = 0426A9631F965B940054A058 /* Build configuration list for PBXNativeTarget "AdvSolver2d.mexmaci64" */;
			buildPhases = (
				0426A95B1F965B940054A058 /* Sources */,
				0426A95C1F965B940054A058 /* Frameworks */,
				0426A95D1F965B940054A058 /* CopyFiles */,
			);
			buildRules = (
			);
			dependencies = (
				04BDCBF61F9BAD110096E5CE /* PBXTargetDependency */,
			);
			name = AdvSolver2d.mexmaci64;
			productName = Advection;
			productReference = 0426A95F1F965B940054A058 /* AdvSolver2d.mexmaci64 */;
			productType = "com.apple.product-type.tool";
		};
		0493D7E11F9F09CF003F83EB /* NdgSolver */ = {
			isa = PBXNativeTarget;
			buildConfigurationList = 0493D7E31F9F09CF003F83EB /* Build configuration list for PBXNativeTarget "NdgSolver" */;
			buildPhases = (
				0493D7DE1F9F09CF003F83EB /* Sources */,
				0493D7DF1F9F09CF003F83EB /* Frameworks */,
				0493D7E01F9F09CF003F83EB /* Headers */,
			);
			buildRules = (
			);
			dependencies = (
			);
			name = NdgSolver;
			productName = NdgSolver;
			productReference = 0493D7E21F9F09CF003F83EB /* libNdgSolver.a */;
			productType = "com.apple.product-type.library.static";
		};
		04BDCBCA1F9BA99C0096E5CE /* NdgMesh */ = {
			isa = PBXNativeTarget;
			buildConfigurationList = 04BDCBCC1F9BA99C0096E5CE /* Build configuration list for PBXNativeTarget "NdgMesh" */;
			buildPhases = (
				04BDCBC71F9BA99C0096E5CE /* Sources */,
				04BDCBC81F9BA99C0096E5CE /* Frameworks */,
				04BDCBC91F9BA99C0096E5CE /* Headers */,
			);
			buildRules = (
			);
			dependencies = (
				04BDCBEE1F9BACFD0096E5CE /* PBXTargetDependency */,
			);
			name = NdgMesh;
			productName = NdgMesh;
			productReference = 04BDCBCB1F9BA99C0096E5CE /* libNdgMesh.a */;
			productType = "com.apple.product-type.library.static";
		};
		04BDCBDA1F9BAA260096E5CE /* NdgPhys */ = {
			isa = PBXNativeTarget;
			buildConfigurationList = 04BDCBDC1F9BAA260096E5CE /* Build configuration list for PBXNativeTarget "NdgPhys" */;
			buildPhases = (
				04BDCBD71F9BAA260096E5CE /* Sources */,
				04BDCBD81F9BAA260096E5CE /* Frameworks */,
				04BDCBD91F9BAA260096E5CE /* Headers */,
			);
			buildRules = (
			);
			dependencies = (
				04BDCBF21F9BAD070096E5CE /* PBXTargetDependency */,
			);
			name = NdgPhys;
			productName = NdgPhys;
			productReference = 04BDCBDB1F9BAA260096E5CE /* libNdgPhys.a */;
			productType = "com.apple.product-type.library.static";
		};
		04F6B0CE1F9B7BFC0050ED1C /* NdgCell */ = {
			isa = PBXNativeTarget;
			buildConfigurationList = 04F6B0D01F9B7BFC0050ED1C /* Build configuration list for PBXNativeTarget "NdgCell" */;
			buildPhases = (
				04F6B0CB1F9B7BFC0050ED1C /* Sources */,
				04F6B0CC1F9B7BFC0050ED1C /* Frameworks */,
				04F6B0CD1F9B7BFC0050ED1C /* Headers */,
			);
			buildRules = (
			);
			dependencies = (
				04BDCBEA1F9BACF10096E5CE /* PBXTargetDependency */,
			);
			name = NdgCell;
			productName = NdgCell;
			productReference = 04F6B0CF1F9B7BFC0050ED1C /* libNdgCell.a */;
			productType = "com.apple.product-type.library.static";
		};
		04F6B0E01F9B7EA60050ED1C /* Polylib */ = {
			isa = PBXNativeTarget;
			buildConfigurationList = 04F6B0E21F9B7EA60050ED1C /* Build configuration list for PBXNativeTarget "Polylib" */;
			buildPhases = (
				04F6B0DD1F9B7EA60050ED1C /* Sources */,
				04F6B0DE1F9B7EA60050ED1C /* Frameworks */,
				04F6B0DF1F9B7EA60050ED1C /* Headers */,
			);
			buildRules = (
			);
			dependencies = (
			);
			name = Polylib;
			productName = Polylib;
			productReference = 04F6B0E11F9B7EA60050ED1C /* libPolylib.a */;
			productType = "com.apple.product-type.library.static";
		};
		04F6B0EF1F9B7FB40050ED1C /* NdgUtils */ = {
			isa = PBXNativeTarget;
			buildConfigurationList = 04F6B0F11F9B7FB40050ED1C /* Build configuration list for PBXNativeTarget "NdgUtils" */;
			buildPhases = (
				04F6B0EC1F9B7FB40050ED1C /* Sources */,
				04F6B0ED1F9B7FB40050ED1C /* Frameworks */,
				04F6B0EE1F9B7FB40050ED1C /* Headers */,
			);
			buildRules = (
			);
			dependencies = (
			);
			name = NdgUtils;
			productName = NdgUtils;
			productReference = 04F6B0F01F9B7FB40050ED1C /* libNdgUtils.a */;
			productType = "com.apple.product-type.library.static";
		};
		04FBA4C21F94B71300DA65FF /* NdgSolverTest.mexmaci64 */ = {
			isa = PBXNativeTarget;
			buildConfigurationList = 04FBA4C71F94B71300DA65FF /* Build configuration list for PBXNativeTarget "NdgSolverTest.mexmaci64" */;
			buildPhases = (
				04FBA4BF1F94B71300DA65FF /* Sources */,
				04FBA4C01F94B71300DA65FF /* Frameworks */,
				04FBA4C11F94B71300DA65FF /* CopyFiles */,
			);
			buildRules = (
			);
			dependencies = (
			);
			name = NdgSolverTest.mexmaci64;
			productName = NdgPhysTest;
			productReference = 04FBA4C31F94B71300DA65FF /* NdgSolverTest.mexmaci64 */;
			productType = "com.apple.product-type.tool";
		};
/* End PBXNativeTarget section */

/* Begin PBXProject section */
		04137FB61F932F8600DD4CA0 /* Project object */ = {
			isa = PBXProject;
			attributes = {
				LastUpgradeCheck = 0620;
				ORGANIZATIONNAME = li12242;
				TargetAttributes = {
					040DE6BB1F9F5B6700EF394D = {
						CreatedOnToolsVersion = 6.2;
					};
					04137FE11F93371F00DD4CA0 = {
						CreatedOnToolsVersion = 6.2;
					};
					04137FF01F9337FE00DD4CA0 = {
						CreatedOnToolsVersion = 6.2;
					};
					04137FFF1F93385F00DD4CA0 = {
						CreatedOnToolsVersion = 6.2;
					};
					0413800D1F93388600DD4CA0 = {
						CreatedOnToolsVersion = 6.2;
					};
					0413801F1F933EE300DD4CA0 = {
						CreatedOnToolsVersion = 6.2;
					};
					0413802F1F933F2A00DD4CA0 = {
						CreatedOnToolsVersion = 6.2;
					};
					0426A95E1F965B940054A058 = {
						CreatedOnToolsVersion = 6.2;
					};
					0493D7E11F9F09CF003F83EB = {
						CreatedOnToolsVersion = 6.2;
					};
					04BDCBCA1F9BA99C0096E5CE = {
						CreatedOnToolsVersion = 6.2;
					};
					04BDCBDA1F9BAA260096E5CE = {
						CreatedOnToolsVersion = 6.2;
					};
					04F6B0CE1F9B7BFC0050ED1C = {
						CreatedOnToolsVersion = 6.2;
					};
					04F6B0E01F9B7EA60050ED1C = {
						CreatedOnToolsVersion = 6.2;
					};
					04F6B0EF1F9B7FB40050ED1C = {
						CreatedOnToolsVersion = 6.2;
					};
					04FBA4C21F94B71300DA65FF = {
						CreatedOnToolsVersion = 6.2;
					};
				};
			};
			buildConfigurationList = 04137FB91F932F8600DD4CA0 /* Build configuration list for PBXProject "NDG-FEM" */;
			compatibilityVersion = "Xcode 3.2";
			developmentRegion = English;
			hasScannedForEncodings = 0;
			knownRegions = (
				en,
			);
			mainGroup = 04137FB51F932F8600DD4CA0;
			productRefGroup = 04137FBF1F932F8600DD4CA0 /* Products */;
			projectDirPath = "";
			projectRoot = "";
			targets = (
				04F6B0E01F9B7EA60050ED1C /* Polylib */,
				04137FE11F93371F00DD4CA0 /* GradJacobiP.mexmaci64 */,
				04137FF01F9337FE00DD4CA0 /* JacobiP.mexmaci64 */,
				04137FFF1F93385F00DD4CA0 /* zwgl.mexmaci64 */,
				0413800D1F93388600DD4CA0 /* zwglj.mexmaci64 */,
				04F6B0EF1F9B7FB40050ED1C /* NdgUtils */,
				04F6B0CE1F9B7BFC0050ED1C /* NdgCell */,
				0413801F1F933EE300DD4CA0 /* NdgCellTest.mexmaci64 */,
				04BDCBCA1F9BA99C0096E5CE /* NdgMesh */,
				0413802F1F933F2A00DD4CA0 /* NdgMeshTest.mexmaci64 */,
				0493D7E11F9F09CF003F83EB /* NdgSolver */,
				04FBA4C21F94B71300DA65FF /* NdgSolverTest.mexmaci64 */,
				04BDCBDA1F9BAA260096E5CE /* NdgPhys */,
				040DE6BB1F9F5B6700EF394D /* NdgPhysTest.mexmaci64 */,
				0426A95E1F965B940054A058 /* AdvSolver2d.mexmaci64 */,
			);
		};
/* End PBXProject section */

/* Begin PBXSourcesBuildPhase section */
		040DE6B81F9F5B6700EF394D /* Sources */ = {
			isa = PBXSourcesBuildPhase;
			buildActionMask = 2147483647;
			files = (
				040DE6C31F9F5B7B00EF394D /* NdgPhysTest.c in Sources */,
			);
			runOnlyForDeploymentPostprocessing = 0;
		};
		04137FDE1F93371F00DD4CA0 /* Sources */ = {
			isa = PBXSourcesBuildPhase;
			buildActionMask = 2147483647;
			files = (
				04BEAAAF1F93B64000682F40 /* GradJacobiP.c in Sources */,
			);
			runOnlyForDeploymentPostprocessing = 0;
		};
		04137FED1F9337FE00DD4CA0 /* Sources */ = {
			isa = PBXSourcesBuildPhase;
			buildActionMask = 2147483647;
			files = (
				04BEAAB41F93B64000682F40 /* JacobiP.c in Sources */,
			);
			runOnlyForDeploymentPostprocessing = 0;
		};
		04137FFC1F93385F00DD4CA0 /* Sources */ = {
			isa = PBXSourcesBuildPhase;
			buildActionMask = 2147483647;
			files = (
				04F6B0E71F9B7F360050ED1C /* zwgl.c in Sources */,
			);
			runOnlyForDeploymentPostprocessing = 0;
		};
		0413800A1F93388600DD4CA0 /* Sources */ = {
			isa = PBXSourcesBuildPhase;
			buildActionMask = 2147483647;
			files = (
				04BEAAC21F93B64000682F40 /* zwglj.c in Sources */,
			);
			runOnlyForDeploymentPostprocessing = 0;
		};
		0413801C1F933EE300DD4CA0 /* Sources */ = {
			isa = PBXSourcesBuildPhase;
			buildActionMask = 2147483647;
			files = (
				0493D7DD1F9EF53C003F83EB /* NdgCellTest.c in Sources */,
			);
			runOnlyForDeploymentPostprocessing = 0;
		};
		0413802C1F933F2A00DD4CA0 /* Sources */ = {
			isa = PBXSourcesBuildPhase;
			buildActionMask = 2147483647;
			files = (
				04A2BE151F9EC978002666B1 /* NdgMeshTest.c in Sources */,
			);
			runOnlyForDeploymentPostprocessing = 0;
		};
		0426A95B1F965B940054A058 /* Sources */ = {
			isa = PBXSourcesBuildPhase;
			buildActionMask = 2147483647;
			files = (
				04A2BE3B1F9EC9F7002666B1 /* AdvSolver2d.c in Sources */,
			);
			runOnlyForDeploymentPostprocessing = 0;
		};
		0493D7DE1F9F09CF003F83EB /* Sources */ = {
			isa = PBXSourcesBuildPhase;
			buildActionMask = 2147483647;
			files = (
				0493D7E61F9F09E6003F83EB /* mxNdgSolver.c in Sources */,
				0493D7E71F9F09E6003F83EB /* NdgSolver.c in Sources */,
			);
			runOnlyForDeploymentPostprocessing = 0;
		};
		04BDCBC71F9BA99C0096E5CE /* Sources */ = {
			isa = PBXSourcesBuildPhase;
			buildActionMask = 2147483647;
			files = (
				04A2BE3E1F9ECB24002666B1 /* mxNdgMesh.c in Sources */,
				04A2BE101F9EC967002666B1 /* NdgMesh.c in Sources */,
				04A2BE121F9EC967002666B1 /* NdgMeshIO.c in Sources */,
			);
			runOnlyForDeploymentPostprocessing = 0;
		};
		04BDCBD71F9BAA260096E5CE /* Sources */ = {
			isa = PBXSourcesBuildPhase;
			buildActionMask = 2147483647;
			files = (
				04A2BE361F9EC9DF002666B1 /* NdgPhysIO.c in Sources */,
				04A2BE1C1F9EC99E002666B1 /* NdgSolver.c in Sources */,
				04A2BE421F9ECDA6002666B1 /* mxNdgPhys.c in Sources */,
				040DE6B71F9F59DC00EF394D /* NdgPhysTest.c in Sources */,
				04A2BE321F9EC9DF002666B1 /* NdgLimiter.c in Sources */,
				04A2BE381F9EC9DF002666B1 /* NdgTerporalDiscrete.c in Sources */,
				04A2BE1A1F9EC99E002666B1 /* mxNdgSolver.c in Sources */,
				04A2BE341F9EC9DF002666B1 /* NdgPhys.c in Sources */,
			);
			runOnlyForDeploymentPostprocessing = 0;
		};
		04F6B0CB1F9B7BFC0050ED1C /* Sources */ = {
			isa = PBXSourcesBuildPhase;
			buildActionMask = 2147483647;
			files = (
				04A2BE061F9EC8E0002666B1 /* NdgCell.c in Sources */,
				04A2BE081F9EC8E0002666B1 /* mxNdgCell.c in Sources */,
			);
			runOnlyForDeploymentPostprocessing = 0;
		};
		04F6B0DD1F9B7EA60050ED1C /* Sources */ = {
			isa = PBXSourcesBuildPhase;
			buildActionMask = 2147483647;
			files = (
				04F6B0E51F9B7F070050ED1C /* polylib.c in Sources */,
			);
			runOnlyForDeploymentPostprocessing = 0;
		};
		04F6B0EC1F9B7FB40050ED1C /* Sources */ = {
			isa = PBXSourcesBuildPhase;
			buildActionMask = 2147483647;
			files = (
				04A2BE281F9EC9C7002666B1 /* NdgUtils.c in Sources */,
				04A2BE241F9EC9C7002666B1 /* MatUtils.c in Sources */,
				04A2BE261F9EC9C7002666B1 /* NdgNetCDF.c in Sources */,
			);
			runOnlyForDeploymentPostprocessing = 0;
		};
		04FBA4BF1F94B71300DA65FF /* Sources */ = {
			isa = PBXSourcesBuildPhase;
			buildActionMask = 2147483647;
			files = (
				04BDCBE61F9BAA800096E5CE /* NdgSolverTest.c in Sources */,
			);
			runOnlyForDeploymentPostprocessing = 0;
		};
/* End PBXSourcesBuildPhase section */

/* Begin PBXTargetDependency section */
		04BDCBEA1F9BACF10096E5CE /* PBXTargetDependency */ = {
			isa = PBXTargetDependency;
			target = 04F6B0EF1F9B7FB40050ED1C /* NdgUtils */;
			targetProxy = 04BDCBE91F9BACF10096E5CE /* PBXContainerItemProxy */;
		};
		04BDCBEC1F9BACF70096E5CE /* PBXTargetDependency */ = {
			isa = PBXTargetDependency;
			target = 04F6B0CE1F9B7BFC0050ED1C /* NdgCell */;
			targetProxy = 04BDCBEB1F9BACF70096E5CE /* PBXContainerItemProxy */;
		};
		04BDCBEE1F9BACFD0096E5CE /* PBXTargetDependency */ = {
			isa = PBXTargetDependency;
			target = 04F6B0CE1F9B7BFC0050ED1C /* NdgCell */;
			targetProxy = 04BDCBED1F9BACFD0096E5CE /* PBXContainerItemProxy */;
		};
		04BDCBF01F9BAD030096E5CE /* PBXTargetDependency */ = {
			isa = PBXTargetDependency;
			target = 04BDCBCA1F9BA99C0096E5CE /* NdgMesh */;
			targetProxy = 04BDCBEF1F9BAD030096E5CE /* PBXContainerItemProxy */;
		};
		04BDCBF21F9BAD070096E5CE /* PBXTargetDependency */ = {
			isa = PBXTargetDependency;
			target = 04BDCBCA1F9BA99C0096E5CE /* NdgMesh */;
			targetProxy = 04BDCBF11F9BAD070096E5CE /* PBXContainerItemProxy */;
		};
		04BDCBF61F9BAD110096E5CE /* PBXTargetDependency */ = {
			isa = PBXTargetDependency;
			target = 04BDCBDA1F9BAA260096E5CE /* NdgPhys */;
			targetProxy = 04BDCBF51F9BAD110096E5CE /* PBXContainerItemProxy */;
		};
/* End PBXTargetDependency section */

/* Begin XCBuildConfiguration section */
		040DE6C11F9F5B6700EF394D /* Debug */ = {
			isa = XCBuildConfiguration;
			buildSettings = {
				ALWAYS_SEARCH_USER_PATHS = NO;
				GCC_PREPROCESSOR_DEFINITIONS = (
					"DEBUG=1",
					"$(inherited)",
				);
				PRODUCT_NAME = "$(TARGET_NAME)";
			};
			name = Debug;
		};
		040DE6C21F9F5B6700EF394D /* Release */ = {
			isa = XCBuildConfiguration;
			buildSettings = {
				ALWAYS_SEARCH_USER_PATHS = NO;
				PRODUCT_NAME = "$(TARGET_NAME)";
			};
			name = Release;
		};
		04137FC31F932F8600DD4CA0 /* Debug */ = {
			isa = XCBuildConfiguration;
			buildSettings = {
				ALWAYS_SEARCH_USER_PATHS = YES;
				CLANG_CXX_LANGUAGE_STANDARD = "gnu++0x";
				CLANG_CXX_LIBRARY = "libc++";
				CLANG_ENABLE_MODULES = YES;
				CLANG_ENABLE_OBJC_ARC = YES;
				CLANG_WARN_BOOL_CONVERSION = YES;
				CLANG_WARN_CONSTANT_CONVERSION = YES;
				CLANG_WARN_DIRECT_OBJC_ISA_USAGE = YES_ERROR;
				CLANG_WARN_EMPTY_BODY = YES;
				CLANG_WARN_ENUM_CONVERSION = YES;
				CLANG_WARN_INT_CONVERSION = YES;
				CLANG_WARN_OBJC_ROOT_CLASS = YES_ERROR;
				CLANG_WARN_UNREACHABLE_CODE = YES;
				CLANG_WARN__DUPLICATE_METHOD_MATCH = YES;
				COPY_PHASE_STRIP = NO;
				ENABLE_STRICT_OBJC_MSGSEND = YES;
				GCC_C_LANGUAGE_STANDARD = c99;
				GCC_DYNAMIC_NO_PIC = NO;
				GCC_OPTIMIZATION_LEVEL = 0;
				GCC_PREPROCESSOR_DEFINITIONS = (
					"MX_COMPAT_32_MATLAB_=901",
					DEBUG,
					MATLAB_MEX_FILE,
					"PROFILE=1",
					"DG_THREADS=2",
				);
				GCC_SYMBOLS_PRIVATE_EXTERN = NO;
				GCC_VERSION = "";
				GCC_WARN_64_TO_32_BIT_CONVERSION = YES;
				GCC_WARN_ABOUT_RETURN_TYPE = YES_ERROR;
				GCC_WARN_UNDECLARED_SELECTOR = YES;
				GCC_WARN_UNINITIALIZED_AUTOS = YES_AGGRESSIVE;
				GCC_WARN_UNUSED_FUNCTION = YES;
				GCC_WARN_UNUSED_VARIABLE = YES;
				ICC_C_LANG_DIALECT = c99;
				ICC_LANG_OPENMP = parallel;
				ICC_MKL = None;
				ICC_OPT_PARALLEL = NO;
				LIBRARY_SEARCH_PATHS = (
					/Applications/MATLAB_R2016b.app/sys/os/maci64,
					/Applications/MATLAB_R2016b.app/bin/maci64,
					/usr/local/Cellar/netcdf/4.3.2_1/lib/,
				);
				MACH_O_TYPE = mh_bundle;
				MACOSX_DEPLOYMENT_TARGET = 10.10;
				MTL_ENABLE_DEBUG_INFO = YES;
				ONLY_ACTIVE_ARCH = YES;
				OTHER_LDFLAGS = (
					"-lmx",
					"-lmex",
					"-lmat",
					"-lmwblas",
					"-lnetcdf",
				);
				SDKROOT = macosx;
				USER_HEADER_SEARCH_PATHS = "/Applications/MATLAB_R2016b.app/extern/include /usr/local/include /Users/mac/Documents/MATLAB/NDG-FEM/NdgUtils/src /Users/mac/Documents/MATLAB/NDG-FEM/NdgCell/src /Users/mac/Documents/MATLAB/NDG-FEM/NdgMesh/src /Users/mac/Documents/MATLAB/NDG-FEM/NdgPhys/src";
			};
			name = Debug;
		};
		04137FC41F932F8600DD4CA0 /* Release */ = {
			isa = XCBuildConfiguration;
			buildSettings = {
				ALWAYS_SEARCH_USER_PATHS = YES;
				CLANG_CXX_LANGUAGE_STANDARD = "gnu++0x";
				CLANG_CXX_LIBRARY = "libc++";
				CLANG_ENABLE_MODULES = YES;
				CLANG_ENABLE_OBJC_ARC = YES;
				CLANG_WARN_BOOL_CONVERSION = YES;
				CLANG_WARN_CONSTANT_CONVERSION = YES;
				CLANG_WARN_DIRECT_OBJC_ISA_USAGE = YES_ERROR;
				CLANG_WARN_EMPTY_BODY = YES;
				CLANG_WARN_ENUM_CONVERSION = YES;
				CLANG_WARN_INT_CONVERSION = YES;
				CLANG_WARN_OBJC_ROOT_CLASS = YES_ERROR;
				CLANG_WARN_UNREACHABLE_CODE = YES;
				CLANG_WARN__DUPLICATE_METHOD_MATCH = YES;
				COPY_PHASE_STRIP = NO;
				DEBUG_INFORMATION_FORMAT = "dwarf-with-dsym";
				ENABLE_NS_ASSERTIONS = NO;
				ENABLE_STRICT_OBJC_MSGSEND = YES;
				GCC_C_LANGUAGE_STANDARD = c99;
				GCC_OPTIMIZATION_LEVEL = 3;
				GCC_PREPROCESSOR_DEFINITIONS = (
					MATLAB_MEX_FILE,
					"MX_COMPAT_32_MATLAB_=901",
					NDEBUG,
					"DG_THREADS=2",
				);
				GCC_VERSION = "";
				GCC_WARN_64_TO_32_BIT_CONVERSION = YES;
				GCC_WARN_ABOUT_RETURN_TYPE = YES_ERROR;
				GCC_WARN_UNDECLARED_SELECTOR = YES;
				GCC_WARN_UNINITIALIZED_AUTOS = YES_AGGRESSIVE;
				GCC_WARN_UNUSED_FUNCTION = YES;
				GCC_WARN_UNUSED_VARIABLE = YES;
				ICC_C_LANG_DIALECT = c99;
				ICC_LANG_OPENMP = parallel;
				ICC_MKL = None;
				ICC_OPT_PARALLEL = NO;
				LIBRARY_SEARCH_PATHS = (
					/Applications/MATLAB_R2016b.app/sys/os/maci64,
					/Applications/MATLAB_R2016b.app/bin/maci64,
					/usr/local/Cellar/netcdf/4.3.2_1/lib/,
				);
				MACH_O_TYPE = mh_bundle;
				MACOSX_DEPLOYMENT_TARGET = 10.10;
				MTL_ENABLE_DEBUG_INFO = NO;
				OTHER_LDFLAGS = (
					"-lmx",
					"-lmex",
					"-lmat",
					"-lmwblas",
					"-lnetcdf",
				);
				SDKROOT = macosx;
				USER_HEADER_SEARCH_PATHS = "/Applications/MATLAB_R2016b.app/extern/include /usr/local/include /Users/mac/Documents/MATLAB/NDG-FEM/NdgUtils/src /Users/mac/Documents/MATLAB/NDG-FEM/NdgCell/src /Users/mac/Documents/MATLAB/NDG-FEM/NdgMesh/src /Users/mac/Documents/MATLAB/NDG-FEM/NdgPhys/src";
			};
			name = Release;
		};
		04137FE71F93371F00DD4CA0 /* Debug */ = {
			isa = XCBuildConfiguration;
			buildSettings = {
				ALWAYS_SEARCH_USER_PATHS = NO;
				GCC_PREPROCESSOR_DEFINITIONS = (
					"DEBUG=1",
					"$(inherited)",
				);
				PRODUCT_NAME = "$(TARGET_NAME)";
			};
			name = Debug;
		};
		04137FE81F93371F00DD4CA0 /* Release */ = {
			isa = XCBuildConfiguration;
			buildSettings = {
				ALWAYS_SEARCH_USER_PATHS = NO;
				PRODUCT_NAME = "$(TARGET_NAME)";
			};
			name = Release;
		};
		04137FF61F9337FE00DD4CA0 /* Debug */ = {
			isa = XCBuildConfiguration;
			buildSettings = {
				ALWAYS_SEARCH_USER_PATHS = NO;
				GCC_PREPROCESSOR_DEFINITIONS = (
					"DEBUG=1",
					"$(inherited)",
				);
				PRODUCT_NAME = "$(TARGET_NAME)";
			};
			name = Debug;
		};
		04137FF71F9337FE00DD4CA0 /* Release */ = {
			isa = XCBuildConfiguration;
			buildSettings = {
				ALWAYS_SEARCH_USER_PATHS = NO;
				PRODUCT_NAME = "$(TARGET_NAME)";
			};
			name = Release;
		};
		041380051F93385F00DD4CA0 /* Debug */ = {
			isa = XCBuildConfiguration;
			buildSettings = {
				ALWAYS_SEARCH_USER_PATHS = NO;
				GCC_PREPROCESSOR_DEFINITIONS = (
					"DEBUG=1",
					"$(inherited)",
				);
				PRODUCT_NAME = "$(TARGET_NAME)";
			};
			name = Debug;
		};
		041380061F93385F00DD4CA0 /* Release */ = {
			isa = XCBuildConfiguration;
			buildSettings = {
				ALWAYS_SEARCH_USER_PATHS = NO;
				PRODUCT_NAME = "$(TARGET_NAME)";
			};
			name = Release;
		};
		041380131F93388600DD4CA0 /* Debug */ = {
			isa = XCBuildConfiguration;
			buildSettings = {
				ALWAYS_SEARCH_USER_PATHS = NO;
				GCC_PREPROCESSOR_DEFINITIONS = (
					"DEBUG=1",
					"$(inherited)",
				);
				PRODUCT_NAME = "$(TARGET_NAME)";
			};
			name = Debug;
		};
		041380141F93388600DD4CA0 /* Release */ = {
			isa = XCBuildConfiguration;
			buildSettings = {
				ALWAYS_SEARCH_USER_PATHS = NO;
				PRODUCT_NAME = "$(TARGET_NAME)";
			};
			name = Release;
		};
		041380251F933EE300DD4CA0 /* Debug */ = {
			isa = XCBuildConfiguration;
			buildSettings = {
				ALWAYS_SEARCH_USER_PATHS = NO;
				GCC_PREPROCESSOR_DEFINITIONS = (
					"DEBUG=1",
					"$(inherited)",
				);
				OTHER_LDFLAGS = (
					"-lmx",
					"-lmex",
					"-lmat",
					"-lmwblas",
					"-lnetcdf",
				);
				PRODUCT_NAME = "$(TARGET_NAME)";
			};
			name = Debug;
		};
		041380261F933EE300DD4CA0 /* Release */ = {
			isa = XCBuildConfiguration;
			buildSettings = {
				ALWAYS_SEARCH_USER_PATHS = NO;
				OTHER_LDFLAGS = (
					"-lmx",
					"-lmex",
					"-lmat",
					"-lmwblas",
					"-lnetcdf",
				);
				PRODUCT_NAME = "$(TARGET_NAME)";
			};
			name = Release;
		};
		041380351F933F2A00DD4CA0 /* Debug */ = {
			isa = XCBuildConfiguration;
			buildSettings = {
				ALWAYS_SEARCH_USER_PATHS = NO;
				GCC_PREPROCESSOR_DEFINITIONS = (
					"DEBUG=1",
					"$(inherited)",
				);
				PRODUCT_NAME = "$(TARGET_NAME)";
			};
			name = Debug;
		};
		041380361F933F2A00DD4CA0 /* Release */ = {
			isa = XCBuildConfiguration;
			buildSettings = {
				ALWAYS_SEARCH_USER_PATHS = NO;
				PRODUCT_NAME = "$(TARGET_NAME)";
			};
			name = Release;
		};
		0426A9641F965B940054A058 /* Debug */ = {
			isa = XCBuildConfiguration;
			buildSettings = {
				ALWAYS_SEARCH_USER_PATHS = NO;
				GCC_PREPROCESSOR_DEFINITIONS = (
					"DEBUG=1",
					"$(inherited)",
				);
				PRODUCT_NAME = "$(TARGET_NAME)";
			};
			name = Debug;
		};
		0426A9651F965B940054A058 /* Release */ = {
			isa = XCBuildConfiguration;
			buildSettings = {
				ALWAYS_SEARCH_USER_PATHS = NO;
				PRODUCT_NAME = "$(TARGET_NAME)";
			};
			name = Release;
		};
		0493D7E41F9F09CF003F83EB /* Debug */ = {
			isa = XCBuildConfiguration;
			buildSettings = {
				ALWAYS_SEARCH_USER_PATHS = NO;
				EXECUTABLE_PREFIX = lib;
				GCC_PREPROCESSOR_DEFINITIONS = (
					"DEBUG=1",
					"$(inherited)",
				);
				MACH_O_TYPE = staticlib;
				PRODUCT_NAME = "$(TARGET_NAME)";
			};
			name = Debug;
		};
		0493D7E51F9F09CF003F83EB /* Release */ = {
			isa = XCBuildConfiguration;
			buildSettings = {
				ALWAYS_SEARCH_USER_PATHS = NO;
				EXECUTABLE_PREFIX = lib;
				MACH_O_TYPE = staticlib;
				PRODUCT_NAME = "$(TARGET_NAME)";
			};
			name = Release;
		};
		04BDCBCD1F9BA99C0096E5CE /* Debug */ = {
			isa = XCBuildConfiguration;
			buildSettings = {
				ALWAYS_SEARCH_USER_PATHS = NO;
				EXECUTABLE_PREFIX = lib;
				GCC_PREPROCESSOR_DEFINITIONS = (
					"DEBUG=1",
					"$(inherited)",
				);
				MACH_O_TYPE = staticlib;
				PRODUCT_NAME = "$(TARGET_NAME)";
			};
			name = Debug;
		};
		04BDCBCE1F9BA99C0096E5CE /* Release */ = {
			isa = XCBuildConfiguration;
			buildSettings = {
				ALWAYS_SEARCH_USER_PATHS = NO;
				EXECUTABLE_PREFIX = lib;
				MACH_O_TYPE = staticlib;
				PRODUCT_NAME = "$(TARGET_NAME)";
			};
			name = Release;
		};
		04BDCBDD1F9BAA260096E5CE /* Debug */ = {
			isa = XCBuildConfiguration;
			buildSettings = {
				ALWAYS_SEARCH_USER_PATHS = NO;
				EXECUTABLE_PREFIX = lib;
				GCC_PREPROCESSOR_DEFINITIONS = (
					"DEBUG=1",
					"$(inherited)",
				);
				MACH_O_TYPE = staticlib;
				PRODUCT_NAME = "$(TARGET_NAME)";
			};
			name = Debug;
		};
		04BDCBDE1F9BAA260096E5CE /* Release */ = {
			isa = XCBuildConfiguration;
			buildSettings = {
				ALWAYS_SEARCH_USER_PATHS = NO;
				EXECUTABLE_PREFIX = lib;
				MACH_O_TYPE = staticlib;
				PRODUCT_NAME = "$(TARGET_NAME)";
			};
			name = Release;
		};
		04F6B0D11F9B7BFC0050ED1C /* Debug */ = {
			isa = XCBuildConfiguration;
			buildSettings = {
				ALWAYS_SEARCH_USER_PATHS = NO;
				EXECUTABLE_PREFIX = lib;
				GCC_PREPROCESSOR_DEFINITIONS = (
					"DEBUG=1",
					"$(inherited)",
				);
				MACH_O_TYPE = staticlib;
				PRODUCT_NAME = "$(TARGET_NAME)";
			};
			name = Debug;
		};
		04F6B0D21F9B7BFC0050ED1C /* Release */ = {
			isa = XCBuildConfiguration;
			buildSettings = {
				ALWAYS_SEARCH_USER_PATHS = NO;
				EXECUTABLE_PREFIX = lib;
				MACH_O_TYPE = staticlib;
				PRODUCT_NAME = "$(TARGET_NAME)";
			};
			name = Release;
		};
		04F6B0E31F9B7EA60050ED1C /* Debug */ = {
			isa = XCBuildConfiguration;
			buildSettings = {
				ALWAYS_SEARCH_USER_PATHS = NO;
				EXECUTABLE_PREFIX = lib;
				GCC_PREPROCESSOR_DEFINITIONS = (
					"DEBUG=1",
					"$(inherited)",
				);
				MACH_O_TYPE = staticlib;
				PRODUCT_NAME = "$(TARGET_NAME)";
			};
			name = Debug;
		};
		04F6B0E41F9B7EA60050ED1C /* Release */ = {
			isa = XCBuildConfiguration;
			buildSettings = {
				ALWAYS_SEARCH_USER_PATHS = NO;
				EXECUTABLE_PREFIX = lib;
				MACH_O_TYPE = staticlib;
				PRODUCT_NAME = "$(TARGET_NAME)";
			};
			name = Release;
		};
		04F6B0F21F9B7FB40050ED1C /* Debug */ = {
			isa = XCBuildConfiguration;
			buildSettings = {
				ALWAYS_SEARCH_USER_PATHS = NO;
				EXECUTABLE_PREFIX = lib;
				GCC_PREPROCESSOR_DEFINITIONS = (
					"DEBUG=1",
					"$(inherited)",
				);
				MACH_O_TYPE = staticlib;
				PRODUCT_NAME = "$(TARGET_NAME)";
			};
			name = Debug;
		};
		04F6B0F31F9B7FB40050ED1C /* Release */ = {
			isa = XCBuildConfiguration;
			buildSettings = {
				ALWAYS_SEARCH_USER_PATHS = NO;
				EXECUTABLE_PREFIX = lib;
				MACH_O_TYPE = staticlib;
				PRODUCT_NAME = "$(TARGET_NAME)";
			};
			name = Release;
		};
		04FBA4C81F94B71300DA65FF /* Debug */ = {
			isa = XCBuildConfiguration;
			buildSettings = {
				ALWAYS_SEARCH_USER_PATHS = NO;
				GCC_PREPROCESSOR_DEFINITIONS = (
					"DEBUG=1",
					"$(inherited)",
				);
				PRODUCT_NAME = "$(TARGET_NAME)";
			};
			name = Debug;
		};
		04FBA4C91F94B71300DA65FF /* Release */ = {
			isa = XCBuildConfiguration;
			buildSettings = {
				ALWAYS_SEARCH_USER_PATHS = NO;
				PRODUCT_NAME = "$(TARGET_NAME)";
			};
			name = Release;
		};
/* End XCBuildConfiguration section */

/* Begin XCConfigurationList section */
		040DE6C01F9F5B6700EF394D /* Build configuration list for PBXNativeTarget "NdgPhysTest.mexmaci64" */ = {
			isa = XCConfigurationList;
			buildConfigurations = (
				040DE6C11F9F5B6700EF394D /* Debug */,
				040DE6C21F9F5B6700EF394D /* Release */,
			);
			defaultConfigurationIsVisible = 0;
			defaultConfigurationName = Release;
		};
		04137FB91F932F8600DD4CA0 /* Build configuration list for PBXProject "NDG-FEM" */ = {
			isa = XCConfigurationList;
			buildConfigurations = (
				04137FC31F932F8600DD4CA0 /* Debug */,
				04137FC41F932F8600DD4CA0 /* Release */,
			);
			defaultConfigurationIsVisible = 0;
			defaultConfigurationName = Release;
		};
		04137FE61F93371F00DD4CA0 /* Build configuration list for PBXNativeTarget "GradJacobiP.mexmaci64" */ = {
			isa = XCConfigurationList;
			buildConfigurations = (
				04137FE71F93371F00DD4CA0 /* Debug */,
				04137FE81F93371F00DD4CA0 /* Release */,
			);
			defaultConfigurationIsVisible = 0;
			defaultConfigurationName = Release;
		};
		04137FF51F9337FE00DD4CA0 /* Build configuration list for PBXNativeTarget "JacobiP.mexmaci64" */ = {
			isa = XCConfigurationList;
			buildConfigurations = (
				04137FF61F9337FE00DD4CA0 /* Debug */,
				04137FF71F9337FE00DD4CA0 /* Release */,
			);
			defaultConfigurationIsVisible = 0;
			defaultConfigurationName = Release;
		};
		041380041F93385F00DD4CA0 /* Build configuration list for PBXNativeTarget "zwgl.mexmaci64" */ = {
			isa = XCConfigurationList;
			buildConfigurations = (
				041380051F93385F00DD4CA0 /* Debug */,
				041380061F93385F00DD4CA0 /* Release */,
			);
			defaultConfigurationIsVisible = 0;
			defaultConfigurationName = Release;
		};
		041380121F93388600DD4CA0 /* Build configuration list for PBXNativeTarget "zwglj.mexmaci64" */ = {
			isa = XCConfigurationList;
			buildConfigurations = (
				041380131F93388600DD4CA0 /* Debug */,
				041380141F93388600DD4CA0 /* Release */,
			);
			defaultConfigurationIsVisible = 0;
			defaultConfigurationName = Release;
		};
		041380241F933EE300DD4CA0 /* Build configuration list for PBXNativeTarget "NdgCellTest.mexmaci64" */ = {
			isa = XCConfigurationList;
			buildConfigurations = (
				041380251F933EE300DD4CA0 /* Debug */,
				041380261F933EE300DD4CA0 /* Release */,
			);
			defaultConfigurationIsVisible = 0;
			defaultConfigurationName = Release;
		};
		041380341F933F2A00DD4CA0 /* Build configuration list for PBXNativeTarget "NdgMeshTest.mexmaci64" */ = {
			isa = XCConfigurationList;
			buildConfigurations = (
				041380351F933F2A00DD4CA0 /* Debug */,
				041380361F933F2A00DD4CA0 /* Release */,
			);
			defaultConfigurationIsVisible = 0;
			defaultConfigurationName = Release;
		};
		0426A9631F965B940054A058 /* Build configuration list for PBXNativeTarget "AdvSolver2d.mexmaci64" */ = {
			isa = XCConfigurationList;
			buildConfigurations = (
				0426A9641F965B940054A058 /* Debug */,
				0426A9651F965B940054A058 /* Release */,
			);
			defaultConfigurationIsVisible = 0;
			defaultConfigurationName = Release;
		};
		0493D7E31F9F09CF003F83EB /* Build configuration list for PBXNativeTarget "NdgSolver" */ = {
			isa = XCConfigurationList;
			buildConfigurations = (
				0493D7E41F9F09CF003F83EB /* Debug */,
				0493D7E51F9F09CF003F83EB /* Release */,
			);
			defaultConfigurationIsVisible = 0;
			defaultConfigurationName = Release;
		};
		04BDCBCC1F9BA99C0096E5CE /* Build configuration list for PBXNativeTarget "NdgMesh" */ = {
			isa = XCConfigurationList;
			buildConfigurations = (
				04BDCBCD1F9BA99C0096E5CE /* Debug */,
				04BDCBCE1F9BA99C0096E5CE /* Release */,
			);
			defaultConfigurationIsVisible = 0;
			defaultConfigurationName = Release;
		};
		04BDCBDC1F9BAA260096E5CE /* Build configuration list for PBXNativeTarget "NdgPhys" */ = {
			isa = XCConfigurationList;
			buildConfigurations = (
				04BDCBDD1F9BAA260096E5CE /* Debug */,
				04BDCBDE1F9BAA260096E5CE /* Release */,
			);
			defaultConfigurationIsVisible = 0;
			defaultConfigurationName = Release;
		};
		04F6B0D01F9B7BFC0050ED1C /* Build configuration list for PBXNativeTarget "NdgCell" */ = {
			isa = XCConfigurationList;
			buildConfigurations = (
				04F6B0D11F9B7BFC0050ED1C /* Debug */,
				04F6B0D21F9B7BFC0050ED1C /* Release */,
			);
			defaultConfigurationIsVisible = 0;
			defaultConfigurationName = Release;
		};
		04F6B0E21F9B7EA60050ED1C /* Build configuration list for PBXNativeTarget "Polylib" */ = {
			isa = XCConfigurationList;
			buildConfigurations = (
				04F6B0E31F9B7EA60050ED1C /* Debug */,
				04F6B0E41F9B7EA60050ED1C /* Release */,
			);
			defaultConfigurationIsVisible = 0;
			defaultConfigurationName = Release;
		};
		04F6B0F11F9B7FB40050ED1C /* Build configuration list for PBXNativeTarget "NdgUtils" */ = {
			isa = XCConfigurationList;
			buildConfigurations = (
				04F6B0F21F9B7FB40050ED1C /* Debug */,
				04F6B0F31F9B7FB40050ED1C /* Release */,
			);
			defaultConfigurationIsVisible = 0;
			defaultConfigurationName = Release;
		};
		04FBA4C71F94B71300DA65FF /* Build configuration list for PBXNativeTarget "NdgSolverTest.mexmaci64" */ = {
			isa = XCConfigurationList;
			buildConfigurations = (
				04FBA4C81F94B71300DA65FF /* Debug */,
				04FBA4C91F94B71300DA65FF /* Release */,
			);
			defaultConfigurationIsVisible = 0;
			defaultConfigurationName = Release;
		};
/* End XCConfigurationList section */
	};
	rootObject = 04137FB61F932F8600DD4CA0 /* Project object */;
}
